// !$*UTF8*$!
{
	archiveVersion = 1;
	classes = {
	};
	objectVersion = 77;
	objects = {

/* Begin PBXContainerItemProxy section */
		E187A4EE2E26DAB900B7671F /* PBXContainerItemProxy */ = {
			isa = PBXContainerItemProxy;
			containerPortal = E187A4D52E26DAB700B7671F /* Project object */;
			proxyType = 1;
			remoteGlobalIDString = E187A4DC2E26DAB700B7671F;
			remoteInfo = DecideForMe;
		};
		E187A4F82E26DAB900B7671F /* PBXContainerItemProxy */ = {
			isa = PBXContainerItemProxy;
			containerPortal = E187A4D52E26DAB700B7671F /* Project object */;
			proxyType = 1;
			remoteGlobalIDString = E187A4DC2E26DAB700B7671F;
			remoteInfo = DecideForMe;
		};
/* End PBXContainerItemProxy section */

/* Begin PBXFileReference section */
		E187A4DD2E26DAB700B7671F /* DecideForMe.app */ = {isa = PBXFileReference; explicitFileType = wrapper.application; includeInIndex = 0; path = DecideForMe.app; sourceTree = BUILT_PRODUCTS_DIR; };
		E187A4ED2E26DAB900B7671F /* DecideForMeTests.xctest */ = {isa = PBXFileReference; explicitFileType = wrapper.cfbundle; includeInIndex = 0; path = DecideForMeTests.xctest; sourceTree = BUILT_PRODUCTS_DIR; };
		E187A4F72E26DAB900B7671F /* DecideForMeUITests.xctest */ = {isa = PBXFileReference; explicitFileType = wrapper.cfbundle; includeInIndex = 0; path = DecideForMeUITests.xctest; sourceTree = BUILT_PRODUCTS_DIR; };
/* End PBXFileReference section */

/* Begin PBXFileSystemSynchronizedBuildFileExceptionSet section */
		E187A5202E27F16900B7671F /* Exceptions for "DecideForMe" folder in "DecideForMe" target */ = {
			isa = PBXFileSystemSynchronizedBuildFileExceptionSet;
			membershipExceptions = (
				Info.plist,
			);
			target = E187A4DC2E26DAB700B7671F /* DecideForMe */;
		};
/* End PBXFileSystemSynchronizedBuildFileExceptionSet section */

/* Begin PBXFileSystemSynchronizedRootGroup section */
		E187A4DF2E26DAB700B7671F /* DecideForMe */ = {
			isa = PBXFileSystemSynchronizedRootGroup;
			exceptions = (
				E187A5202E27F16900B7671F /* Exceptions for "DecideForMe" folder in "DecideForMe" target */,
			);
			path = DecideForMe;
			sourceTree = "<group>";
		};
		E187A4F02E26DAB900B7671F /* DecideForMeTests */ = {
			isa = PBXFileSystemSynchronizedRootGroup;
			path = DecideForMeTests;
			sourceTree = "<group>";
		};
		E187A4FA2E26DAB900B7671F /* DecideForMeUITests */ = {
			isa = PBXFileSystemSynchronizedRootGroup;
			path = DecideForMeUITests;
			sourceTree = "<group>";
		};
/* End PBXFileSystemSynchronizedRootGroup section */

/* Begin PBXFrameworksBuildPhase section */
		E187A4DA2E26DAB700B7671F /* Frameworks */ = {
			isa = PBXFrameworksBuildPhase;
			buildActionMask = 2147483647;
			files = (
			);
			runOnlyForDeploymentPostprocessing = 0;
		};
		E187A4EA2E26DAB900B7671F /* Frameworks */ = {
			isa = PBXFrameworksBuildPhase;
			buildActionMask = 2147483647;
			files = (
			);
			runOnlyForDeploymentPostprocessing = 0;
		};
		E187A4F42E26DAB900B7671F /* Frameworks */ = {
			isa = PBXFrameworksBuildPhase;
			buildActionMask = 2147483647;
			files = (
			);
			runOnlyForDeploymentPostprocessing = 0;
		};
/* End PBXFrameworksBuildPhase section */

/* Begin PBXGroup section */
		E187A4D42E26DAB700B7671F = {
			isa = PBXGroup;
			children = (
				E187A4DF2E26DAB700B7671F /* DecideForMe */,
				E187A4F02E26DAB900B7671F /* DecideForMeTests */,
				E187A4FA2E26DAB900B7671F /* DecideForMeUITests */,
				E187A4DE2E26DAB700B7671F /* Products */,
			);
			sourceTree = "<group>";
		};
		E187A4DE2E26DAB700B7671F /* Products */ = {
			isa = PBXGroup;
			children = (
				E187A4DD2E26DAB700B7671F /* DecideForMe.app */,
				E187A4ED2E26DAB900B7671F /* DecideForMeTests.xctest */,
				E187A4F72E26DAB900B7671F /* DecideForMeUITests.xctest */,
			);
			name = Products;
			sourceTree = "<group>";
		};
/* End PBXGroup section */

/* Begin PBXNativeTarget section */
		E187A4DC2E26DAB700B7671F /* DecideForMe */ = {
			isa = PBXNativeTarget;
			buildConfigurationList = E187A5012E26DAB900B7671F /* Build configuration list for PBXNativeTarget "DecideForMe" */;
			buildPhases = (
				E187A4D92E26DAB700B7671F /* Sources */,
				E187A4DA2E26DAB700B7671F /* Frameworks */,
				E187A4DB2E26DAB700B7671F /* Resources */,
			);
			buildRules = (
			);
			dependencies = (
			);
			fileSystemSynchronizedGroups = (
				E187A4DF2E26DAB700B7671F /* DecideForMe */,
			);
			name = DecideForMe;
			packageProductDependencies = (
			);
			productName = DecideForMe;
			productReference = E187A4DD2E26DAB700B7671F /* DecideForMe.app */;
			productType = "com.apple.product-type.application";
		};
		E187A4EC2E26DAB900B7671F /* DecideForMeTests */ = {
			isa = PBXNativeTarget;
			buildConfigurationList = E187A5042E26DAB900B7671F /* Build configuration list for PBXNativeTarget "DecideForMeTests" */;
			buildPhases = (
				E187A4E92E26DAB900B7671F /* Sources */,
				E187A4EA2E26DAB900B7671F /* Frameworks */,
				E187A4EB2E26DAB900B7671F /* Resources */,
			);
			buildRules = (
			);
			dependencies = (
				E187A4EF2E26DAB900B7671F /* PBXTargetDependency */,
			);
			fileSystemSynchronizedGroups = (
				E187A4F02E26DAB900B7671F /* DecideForMeTests */,
			);
			name = DecideForMeTests;
			packageProductDependencies = (
			);
			productName = DecideForMeTests;
			productReference = E187A4ED2E26DAB900B7671F /* DecideForMeTests.xctest */;
			productType = "com.apple.product-type.bundle.unit-test";
		};
		E187A4F62E26DAB900B7671F /* DecideForMeUITests */ = {
			isa = PBXNativeTarget;
			buildConfigurationList = E187A5072E26DAB900B7671F /* Build configuration list for PBXNativeTarget "DecideForMeUITests" */;
			buildPhases = (
				E187A4F32E26DAB900B7671F /* Sources */,
				E187A4F42E26DAB900B7671F /* Frameworks */,
				E187A4F52E26DAB900B7671F /* Resources */,
			);
			buildRules = (
			);
			dependencies = (
				E187A4F92E26DAB900B7671F /* PBXTargetDependency */,
			);
			fileSystemSynchronizedGroups = (
				E187A4FA2E26DAB900B7671F /* DecideForMeUITests */,
			);
			name = DecideForMeUITests;
			packageProductDependencies = (
			);
			productName = DecideForMeUITests;
			productReference = E187A4F72E26DAB900B7671F /* DecideForMeUITests.xctest */;
			productType = "com.apple.product-type.bundle.ui-testing";
		};
/* End PBXNativeTarget section */

/* Begin PBXProject section */
		E187A4D52E26DAB700B7671F /* Project object */ = {
			isa = PBXProject;
			attributes = {
				BuildIndependentTargetsInParallel = 1;
				LastSwiftUpdateCheck = 1620;
				LastUpgradeCheck = 1620;
				TargetAttributes = {
					E187A4DC2E26DAB700B7671F = {
						CreatedOnToolsVersion = 16.2;
					};
					E187A4EC2E26DAB900B7671F = {
						CreatedOnToolsVersion = 16.2;
						TestTargetID = E187A4DC2E26DAB700B7671F;
					};
					E187A4F62E26DAB900B7671F = {
						CreatedOnToolsVersion = 16.2;
						TestTargetID = E187A4DC2E26DAB700B7671F;
					};
				};
			};
			buildConfigurationList = E187A4D82E26DAB700B7671F /* Build configuration list for PBXProject "DecideForMe" */;
			developmentRegion = en;
			hasScannedForEncodings = 0;
			knownRegions = (
				en,
				Base,
			);
			mainGroup = E187A4D42E26DAB700B7671F;
			minimizedProjectReferenceProxies = 1;
			preferredProjectObjectVersion = 77;
			productRefGroup = E187A4DE2E26DAB700B7671F /* Products */;
			projectDirPath = "";
			projectRoot = "";
			targets = (
				E187A4DC2E26DAB700B7671F /* DecideForMe */,
				E187A4EC2E26DAB900B7671F /* DecideForMeTests */,
				E187A4F62E26DAB900B7671F /* DecideForMeUITests */,
			);
		};
/* End PBXProject section */

/* Begin PBXResourcesBuildPhase section */
		E187A4DB2E26DAB700B7671F /* Resources */ = {
			isa = PBXResourcesBuildPhase;
			buildActionMask = 2147483647;
			files = (
			);
			runOnlyForDeploymentPostprocessing = 0;
		};
		E187A4EB2E26DAB900B7671F /* Resources */ = {
			isa = PBXResourcesBuildPhase;
			buildActionMask = 2147483647;
			files = (
			);
			runOnlyForDeploymentPostprocessing = 0;
		};
		E187A4F52E26DAB900B7671F /* Resources */ = {
			isa = PBXResourcesBuildPhase;
			buildActionMask = 2147483647;
			files = (
			);
			runOnlyForDeploymentPostprocessing = 0;
		};
/* End PBXResourcesBuildPhase section */

/* Begin PBXSourcesBuildPhase section */
		E187A4D92E26DAB700B7671F /* Sources */ = {
			isa = PBXSourcesBuildPhase;
			buildActionMask = 2147483647;
			files = (
			);
			runOnlyForDeploymentPostprocessing = 0;
		};
		E187A4E92E26DAB900B7671F /* Sources */ = {
			isa = PBXSourcesBuildPhase;
			buildActionMask = 2147483647;
			files = (
			);
			runOnlyForDeploymentPostprocessing = 0;
		};
		E187A4F32E26DAB900B7671F /* Sources */ = {
			isa = PBXSourcesBuildPhase;
			buildActionMask = 2147483647;
			files = (
			);
			runOnlyForDeploymentPostprocessing = 0;
		};
/* End PBXSourcesBuildPhase section */

/* Begin PBXTargetDependency section */
		E187A4EF2E26DAB900B7671F /* PBXTargetDependency */ = {
			isa = PBXTargetDependency;
			target = E187A4DC2E26DAB700B7671F /* DecideForMe */;
			targetProxy = E187A4EE2E26DAB900B7671F /* PBXContainerItemProxy */;
		};
		E187A4F92E26DAB900B7671F /* PBXTargetDependency */ = {
			isa = PBXTargetDependency;
			target = E187A4DC2E26DAB700B7671F /* DecideForMe */;
			targetProxy = E187A4F82E26DAB900B7671F /* PBXContainerItemProxy */;
		};
/* End PBXTargetDependency section */

/* Begin XCBuildConfiguration section */
		E187A4FF2E26DAB900B7671F /* Debug */ = {
			isa = XCBuildConfiguration;
			baseConfigurationReferenceAnchor = E187A4DF2E26DAB700B7671F /* DecideForMe */;
			baseConfigurationReferenceRelativePath = Secrets.xcconfig;
			buildSettings = {
				ALWAYS_SEARCH_USER_PATHS = NO;
				ASSETCATALOG_COMPILER_GENERATE_SWIFT_ASSET_SYMBOL_EXTENSIONS = YES;
				CLANG_ANALYZER_NONNULL = YES;
				CLANG_ANALYZER_NUMBER_OBJECT_CONVERSION = YES_AGGRESSIVE;
				CLANG_CXX_LANGUAGE_STANDARD = "gnu++20";
				CLANG_ENABLE_MODULES = YES;
				CLANG_ENABLE_OBJC_ARC = YES;
				CLANG_ENABLE_OBJC_WEAK = YES;
				CLANG_WARN_BLOCK_CAPTURE_AUTORELEASING = YES;
				CLANG_WARN_BOOL_CONVERSION = YES;
				CLANG_WARN_COMMA = YES;
				CLANG_WARN_CONSTANT_CONVERSION = YES;
				CLANG_WARN_DEPRECATED_OBJC_IMPLEMENTATIONS = YES;
				CLANG_WARN_DIRECT_OBJC_ISA_USAGE = YES_ERROR;
				CLANG_WARN_DOCUMENTATION_COMMENTS = YES;
				CLANG_WARN_EMPTY_BODY = YES;
				CLANG_WARN_ENUM_CONVERSION = YES;
				CLANG_WARN_INFINITE_RECURSION = YES;
				CLANG_WARN_INT_CONVERSION = YES;
				CLANG_WARN_NON_LITERAL_NULL_CONVERSION = YES;
				CLANG_WARN_OBJC_IMPLICIT_RETAIN_SELF = YES;
				CLANG_WARN_OBJC_LITERAL_CONVERSION = YES;
				CLANG_WARN_OBJC_ROOT_CLASS = YES_ERROR;
				CLANG_WARN_QUOTED_INCLUDE_IN_FRAMEWORK_HEADER = YES;
				CLANG_WARN_RANGE_LOOP_ANALYSIS = YES;
				CLANG_WARN_STRICT_PROTOTYPES = YES;
				CLANG_WARN_SUSPICIOUS_MOVE = YES;
				CLANG_WARN_UNGUARDED_AVAILABILITY = YES_AGGRESSIVE;
				CLANG_WARN_UNREACHABLE_CODE = YES;
				CLANG_WARN__DUPLICATE_METHOD_MATCH = YES;
				COPY_PHASE_STRIP = NO;
				DEBUG_INFORMATION_FORMAT = dwarf;
				ENABLE_STRICT_OBJC_MSGSEND = YES;
				ENABLE_TESTABILITY = YES;
				ENABLE_USER_SCRIPT_SANDBOXING = YES;
				GCC_C_LANGUAGE_STANDARD = gnu17;
				GCC_DYNAMIC_NO_PIC = NO;
				GCC_NO_COMMON_BLOCKS = YES;
				GCC_OPTIMIZATION_LEVEL = 0;
				GCC_PREPROCESSOR_DEFINITIONS = (
					"DEBUG=1",
					"$(inherited)",
				);
				GCC_WARN_64_TO_32_BIT_CONVERSION = YES;
				GCC_WARN_ABOUT_RETURN_TYPE = YES_ERROR;
				GCC_WARN_UNDECLARED_SELECTOR = YES;
				GCC_WARN_UNINITIALIZED_AUTOS = YES_AGGRESSIVE;
				GCC_WARN_UNUSED_FUNCTION = YES;
				GCC_WARN_UNUSED_VARIABLE = YES;
				INFOPLIST_FILE = DecideForMe/Info.plist;
				IPHONEOS_DEPLOYMENT_TARGET = 18.2;
				LOCALIZATION_PREFERS_STRING_CATALOGS = YES;
				MTL_ENABLE_DEBUG_INFO = INCLUDE_SOURCE;
				MTL_FAST_MATH = YES;
				ONLY_ACTIVE_ARCH = YES;
				SDKROOT = iphoneos;
				SWIFT_ACTIVE_COMPILATION_CONDITIONS = "DEBUG $(inherited)";
				SWIFT_OPTIMIZATION_LEVEL = "-Onone";
			};
			name = Debug;
		};
		E187A5002E26DAB900B7671F /* Release */ = {
			isa = XCBuildConfiguration;
			baseConfigurationReferenceAnchor = E187A4DF2E26DAB700B7671F /* DecideForMe */;
			baseConfigurationReferenceRelativePath = Secrets.xcconfig;
			buildSettings = {
				ALWAYS_SEARCH_USER_PATHS = NO;
				ASSETCATALOG_COMPILER_GENERATE_SWIFT_ASSET_SYMBOL_EXTENSIONS = YES;
				CLANG_ANALYZER_NONNULL = YES;
				CLANG_ANALYZER_NUMBER_OBJECT_CONVERSION = YES_AGGRESSIVE;
				CLANG_CXX_LANGUAGE_STANDARD = "gnu++20";
				CLANG_ENABLE_MODULES = YES;
				CLANG_ENABLE_OBJC_ARC = YES;
				CLANG_ENABLE_OBJC_WEAK = YES;
				CLANG_WARN_BLOCK_CAPTURE_AUTORELEASING = YES;
				CLANG_WARN_BOOL_CONVERSION = YES;
				CLANG_WARN_COMMA = YES;
				CLANG_WARN_CONSTANT_CONVERSION = YES;
				CLANG_WARN_DEPRECATED_OBJC_IMPLEMENTATIONS = YES;
				CLANG_WARN_DIRECT_OBJC_ISA_USAGE = YES_ERROR;
				CLANG_WARN_DOCUMENTATION_COMMENTS = YES;
				CLANG_WARN_EMPTY_BODY = YES;
				CLANG_WARN_ENUM_CONVERSION = YES;
				CLANG_WARN_INFINITE_RECURSION = YES;
				CLANG_WARN_INT_CONVERSION = YES;
				CLANG_WARN_NON_LITERAL_NULL_CONVERSION = YES;
				CLANG_WARN_OBJC_IMPLICIT_RETAIN_SELF = YES;
				CLANG_WARN_OBJC_LITERAL_CONVERSION = YES;
				CLANG_WARN_OBJC_ROOT_CLASS = YES_ERROR;
				CLANG_WARN_QUOTED_INCLUDE_IN_FRAMEWORK_HEADER = YES;
				CLANG_WARN_RANGE_LOOP_ANALYSIS = YES;
				CLANG_WARN_STRICT_PROTOTYPES = YES;
				CLANG_WARN_SUSPICIOUS_MOVE = YES;
				CLANG_WARN_UNGUARDED_AVAILABILITY = YES_AGGRESSIVE;
				CLANG_WARN_UNREACHABLE_CODE = YES;
				CLANG_WARN__DUPLICATE_METHOD_MATCH = YES;
				COPY_PHASE_STRIP = NO;
				DEBUG_INFORMATION_FORMAT = "dwarf-with-dsym";
				ENABLE_NS_ASSERTIONS = NO;
				ENABLE_STRICT_OBJC_MSGSEND = YES;
				ENABLE_USER_SCRIPT_SANDBOXING = YES;
				GCC_C_LANGUAGE_STANDARD = gnu17;
				GCC_NO_COMMON_BLOCKS = YES;
				GCC_WARN_64_TO_32_BIT_CONVERSION = YES;
				GCC_WARN_ABOUT_RETURN_TYPE = YES_ERROR;
				GCC_WARN_UNDECLARED_SELECTOR = YES;
				GCC_WARN_UNINITIALIZED_AUTOS = YES_AGGRESSIVE;
				GCC_WARN_UNUSED_FUNCTION = YES;
				GCC_WARN_UNUSED_VARIABLE = YES;
				INFOPLIST_FILE = DecideForMe/Info.plist;
				IPHONEOS_DEPLOYMENT_TARGET = 18.2;
				LOCALIZATION_PREFERS_STRING_CATALOGS = YES;
				MTL_ENABLE_DEBUG_INFO = NO;
				MTL_FAST_MATH = YES;
				SDKROOT = iphoneos;
				SWIFT_COMPILATION_MODE = wholemodule;
				VALIDATE_PRODUCT = YES;
			};
			name = Release;
		};
		E187A5022E26DAB900B7671F /* Debug */ = {
			isa = XCBuildConfiguration;
			buildSettings = {
				ASSETCATALOG_COMPILER_APPICON_NAME = AppIcon;
				ASSETCATALOG_COMPILER_GLOBAL_ACCENT_COLOR_NAME = AccentColor;
				CODE_SIGN_STYLE = Automatic;
				CURRENT_PROJECT_VERSION = 1;
				DEVELOPMENT_ASSET_PATHS = "\"DecideForMe/Preview Content\"";
				ENABLE_PREVIEWS = YES;
				GENERATE_INFOPLIST_FILE = YES;
				INFOPLIST_KEY_UIApplicationSceneManifest_Generation = YES;
				INFOPLIST_KEY_UIApplicationSupportsIndirectInputEvents = YES;
				INFOPLIST_KEY_UILaunchScreen_Generation = YES;
				INFOPLIST_KEY_UISupportedInterfaceOrientations_iPad = "UIInterfaceOrientationPortrait UIInterfaceOrientationPortraitUpsideDown UIInterfaceOrientationLandscapeLeft UIInterfaceOrientationLandscapeRight";
				INFOPLIST_KEY_UISupportedInterfaceOrientations_iPhone = "UIInterfaceOrientationPortrait UIInterfaceOrientationLandscapeLeft UIInterfaceOrientationLandscapeRight";
				LD_RUNPATH_SEARCH_PATHS = (
					"$(inherited)",
					"@executable_path/Frameworks",
				);
				MARKETING_VERSION = 1.0;
				PRODUCT_BUNDLE_IDENTIFIER = SIkun275.DecideForMe;
				PRODUCT_NAME = "$(TARGET_NAME)";
				SWIFT_EMIT_LOC_STRINGS = YES;
				SWIFT_VERSION = 5.0;
				TARGETED_DEVICE_FAMILY = "1,2";
			};
			name = Debug;
		};
		E187A5032E26DAB900B7671F /* Release */ = {
			isa = XCBuildConfiguration;
			buildSettings = {
				ASSETCATALOG_COMPILER_APPICON_NAME = AppIcon;
				ASSETCATALOG_COMPILER_GLOBAL_ACCENT_COLOR_NAME = AccentColor;
				CODE_SIGN_STYLE = Automatic;
				CURRENT_PROJECT_VERSION = 1;
				DEVELOPMENT_ASSET_PATHS = "\"DecideForMe/Preview Content\"";
				ENABLE_PREVIEWS = YES;
				GENERATE_INFOPLIST_FILE = YES;
				INFOPLIST_KEY_UIApplicationSceneManifest_Generation = YES;
				INFOPLIST_KEY_UIApplicationSupportsIndirectInputEvents = YES;
				INFOPLIST_KEY_UILaunchScreen_Generation = YES;
				INFOPLIST_KEY_UISupportedInterfaceOrientations_iPad = "UIInterfaceOrientationPortrait UIInterfaceOrientationPortraitUpsideDown UIInterfaceOrientationLandscapeLeft UIInterfaceOrientationLandscapeRight";
				INFOPLIST_KEY_UISupportedInterfaceOrientations_iPhone = "UIInterfaceOrientationPortrait UIInterfaceOrientationLandscapeLeft UIInterfaceOrientationLandscapeRight";
				LD_RUNPATH_SEARCH_PATHS = (
					"$(inherited)",
					"@executable_path/Frameworks",
				);
				MARKETING_VERSION = 1.0;
				PRODUCT_BUNDLE_IDENTIFIER = SIkun275.DecideForMe;
				PRODUCT_NAME = "$(TARGET_NAME)";
				SWIFT_EMIT_LOC_STRINGS = YES;
				SWIFT_VERSION = 5.0;
				TARGETED_DEVICE_FAMILY = "1,2";
			};
			name = Release;
		};
		E187A5052E26DAB900B7671F /* Debug */ = {
			isa = XCBuildConfiguration;
			buildSettings = {
				BUNDLE_LOADER = "$(TEST_HOST)";
				CODE_SIGN_STYLE = Automatic;
				CURRENT_PROJECT_VERSION = 1;
				GENERATE_INFOPLIST_FILE = YES;
				IPHONEOS_DEPLOYMENT_TARGET = 18.2;
				MARKETING_VERSION = 1.0;
				PRODUCT_BUNDLE_IDENTIFIER = SIkun275.DecideForMeTests;
				PRODUCT_NAME = "$(TARGET_NAME)";
				SWIFT_EMIT_LOC_STRINGS = NO;
				SWIFT_VERSION = 5.0;
				TARGETED_DEVICE_FAMILY = "1,2";
				TEST_HOST = "$(BUILT_PRODUCTS_DIR)/DecideForMe.app/$(BUNDLE_EXECUTABLE_FOLDER_PATH)/DecideForMe";
			};
			name = Debug;
		};
		E187A5062E26DAB900B7671F /* Release */ = {
			isa = XCBuildConfiguration;
			buildSettings = {
				BUNDLE_LOADER = "$(TEST_HOST)";
				CODE_SIGN_STYLE = Automatic;
				CURRENT_PROJECT_VERSION = 1;
				GENERATE_INFOPLIST_FILE = YES;
				IPHONEOS_DEPLOYMENT_TARGET = 18.2;
				MARKETING_VERSION = 1.0;
				PRODUCT_BUNDLE_IDENTIFIER = SIkun275.DecideForMeTests;
				PRODUCT_NAME = "$(TARGET_NAME)";
				SWIFT_EMIT_LOC_STRINGS = NO;
				SWIFT_VERSION = 5.0;
				TARGETED_DEVICE_FAMILY = "1,2";
				TEST_HOST = "$(BUILT_PRODUCTS_DIR)/DecideForMe.app/$(BUNDLE_EXECUTABLE_FOLDER_PATH)/DecideForMe";
			};
			name = Release;
		};
		E187A5082E26DAB900B7671F /* Debug */ = {
			isa = XCBuildConfiguration;
			buildSettings = {
				CODE_SIGN_STYLE = Automatic;
				CURRENT_PROJECT_VERSION = 1;
				GENERATE_INFOPLIST_FILE = YES;
				MARKETING_VERSION = 1.0;
				PRODUCT_BUNDLE_IDENTIFIER = SIkun275.DecideForMeUITests;
				PRODUCT_NAME = "$(TARGET_NAME)";
				SWIFT_EMIT_LOC_STRINGS = NO;
				SWIFT_VERSION = 5.0;
				TARGETED_DEVICE_FAMILY = "1,2";
				TEST_TARGET_NAME = DecideForMe;
			};
			name = Debug;
		};
		E187A5092E26DAB900B7671F /* Release */ = {
			isa = XCBuildConfiguration;
			buildSettings = {
				CODE_SIGN_STYLE = Automatic;
				CURRENT_PROJECT_VERSION = 1;
				GENERATE_INFOPLIST_FILE = YES;
				MARKETING_VERSION = 1.0;
				PRODUCT_BUNDLE_IDENTIFIER = SIkun275.DecideForMeUITests;
				PRODUCT_NAME = "$(TARGET_NAME)";
				SWIFT_EMIT_LOC_STRINGS = NO;
				SWIFT_VERSION = 5.0;
				TARGETED_DEVICE_FAMILY = "1,2";
				TEST_TARGET_NAME = DecideForMe;
			};
			name = Release;
		};
/* End XCBuildConfiguration section */

/* Begin XCConfigurationList section */
		E187A4D82E26DAB700B7671F /* Build configuration list for PBXProject "DecideForMe" */ = {
			isa = XCConfigurationList;
			buildConfigurations = (
				E187A4FF2E26DAB900B7671F /* Debug */,
				E187A5002E26DAB900B7671F /* Release */,
			);
			defaultConfigurationIsVisible = 0;
			defaultConfigurationName = Release;
		};
		E187A5012E26DAB900B7671F /* Build configuration list for PBXNativeTarget "DecideForMe" */ = {
			isa = XCConfigurationList;
			buildConfigurations = (
				E187A5022E26DAB900B7671F /* Debug */,
				E187A5032E26DAB900B7671F /* Release */,
			);
			defaultConfigurationIsVisible = 0;
			defaultConfigurationName = Release;
		};
		E187A5042E26DAB900B7671F /* Build configuration list for PBXNativeTarget "DecideForMeTests" */ = {
			isa = XCConfigurationList;
			buildConfigurations = (
				E187A5052E26DAB900B7671F /* Debug */,
				E187A5062E26DAB900B7671F /* Release */,
			);
			defaultConfigurationIsVisible = 0;
			defaultConfigurationName = Release;
		};
		E187A5072E26DAB900B7671F /* Build configuration list for PBXNativeTarget "DecideForMeUITests" */ = {
			isa = XCConfigurationList;
			buildConfigurations = (
				E187A5082E26DAB900B7671F /* Debug */,
				E187A5092E26DAB900B7671F /* Release */,
			);
			defaultConfigurationIsVisible = 0;
			defaultConfigurationName = Release;
		};
/* End XCConfigurationList section */
	};
	rootObject = E187A4D52E26DAB700B7671F /* Project object */;
}
